
Microsoft Visual Studio Solution File, Format Version 12.00
# Visual Studio Version 17
VisualStudioVersion = 17.5.33530.505
MinimumVisualStudioVersion = 10.0.40219.1
Project("{FAE04EC0-301F-11D3-BF4B-00C04F79EFBC}") = "ModelBuilderDemo", "ModelBuilderDemo\ModelBuilderDemo.csproj", "{D47C82BF-ADBC-4F68-8D2A-E560C00200FA}"
EndProject
Project("{FAE04EC0-301F-11D3-BF4B-00C04F79EFBC}") = "OnnxClassificationDemo", "OnnxClassificationDemo\OnnxClassificationDemo.csproj", "{F21A1063-534B-458D-B489-138BEB0DDAC5}"
EndProject
Project("{FAE04EC0-301F-11D3-BF4B-00C04F79EFBC}") = "OnnxDetectDemo", "OnnxDetectDemo\OnnxDetectDemo.csproj", "{677D1042-49B5-4F43-942A-721AEBAD4AAF}"
EndProject
Global
	GlobalSection(SolutionConfigurationPlatforms) = preSolution
		Debug|Any CPU = Debug|Any CPU
		Release|Any CPU = Release|Any CPU
	EndGlobalSection
	GlobalSection(ProjectConfigurationPlatforms) = postSolution
		{D47C82BF-ADBC-4F68-8D2A-E560C00200FA}.Debug|Any CPU.ActiveCfg = Debug|Any CPU
		{D47C82BF-ADBC-4F68-8D2A-E560C00200FA}.Debug|Any CPU.Build.0 = Debug|Any CPU
		{D47C82BF-ADBC-4F68-8D2A-E560C00200FA}.Release|Any CPU.ActiveCfg = Release|Any CPU
		{D47C82BF-ADBC-4F68-8D2A-E560C00200FA}.Release|Any CPU.Build.0 = Release|Any CPU
		{F21A1063-534B-458D-B489-138BEB0DDAC5}.Debug|Any CPU.ActiveCfg = Debug|Any CPU
		{F21A1063-534B-458D-B489-138BEB0DDAC5}.Debug|Any CPU.Build.0 = Debug|Any CPU
		{F21A1063-534B-458D-B489-138BEB0DDAC5}.Release|Any CPU.ActiveCfg = Release|Any CPU
		{F21A1063-534B-458D-B489-138BEB0DDAC5}.Release|Any CPU.Build.0 = Release|Any CPU
		{677D1042-49B5-4F43-942A-721AEBAD4AAF}.Debug|Any CPU.ActiveCfg = Debug|Any CPU
		{677D1042-49B5-4F43-942A-721AEBAD4AAF}.Debug|Any CPU.Build.0 = Debug|Any CPU
		{677D1042-49B5-4F43-942A-721AEBAD4AAF}.Release|Any CPU.ActiveCfg = Release|Any CPU
		{677D1042-49B5-4F43-942A-721AEBAD4AAF}.Release|Any CPU.Build.0 = Release|Any CPU
	EndGlobalSection
	GlobalSection(SolutionProperties) = preSolution
		HideSolutionNode = FALSE
	EndGlobalSection
	GlobalSection(ExtensibilityGlobals) = postSolution
		SolutionGuid = {6D157CCD-0450-4240-8B8C-0392C54B5957}
	EndGlobalSection
EndGlobal
